
Microsoft Visual Studio Solution File, Format Version 12.00
# Visual Studio Version 17
VisualStudioVersion = 17.3.32819.101
MinimumVisualStudioVersion = 10.0.40219.1
Project("{FAE04EC0-301F-11D3-BF4B-00C04F79EFBC}") = "SofttechLoginUygulması", "SofttechLoginUygulması.csproj", "{95A1D6A7-0FAF-4AF4-95DE-8C5F2556F091}"
EndProject
Global
	GlobalSection(SolutionConfigurationPlatforms) = preSolution
		Debug|Any CPU = Debug|Any CPU
		Release|Any CPU = Release|Any CPU
	EndGlobalSection
	GlobalSection(ProjectConfigurationPlatforms) = postSolution
		{95A1D6A7-0FAF-4AF4-95DE-8C5F2556F091}.Debug|Any CPU.ActiveCfg = Debug|Any CPU
		{95A1D6A7-0FAF-4AF4-95DE-8C5F2556F091}.Debug|Any CPU.Build.0 = Debug|Any CPU
		{95A1D6A7-0FAF-4AF4-95DE-8C5F2556F091}.Release|Any CPU.ActiveCfg = Release|Any CPU
		{95A1D6A7-0FAF-4AF4-95DE-8C5F2556F091}.Release|Any CPU.Build.0 = Release|Any CPU
	EndGlobalSection
	GlobalSection(SolutionProperties) = preSolution
		HideSolutionNode = FALSE
	EndGlobalSection
	GlobalSection(ExtensibilityGlobals) = postSolution
		SolutionGuid = {EFF365DA-39DF-491C-A50D-FF1079C7D840}
	EndGlobalSection
EndGlobal
